// !$*UTF8*$!
{
	archiveVersion = 1;
	classes = {
	};
	objectVersion = 46;
	objects = {

/* Begin PBXBuildFile section */
		DA1EC6C31DA1955C006DC7AC /* AppDelegate.swift in Sources */ = {isa = PBXBuildFile; fileRef = DA1EC6C21DA1955C006DC7AC /* AppDelegate.swift */; };
		DA1EC6C51DA1955C006DC7AC /* ViewController.swift in Sources */ = {isa = PBXBuildFile; fileRef = DA1EC6C41DA1955C006DC7AC /* ViewController.swift */; };
		DA1EC6C81DA1955C006DC7AC /* Main.storyboard in Resources */ = {isa = PBXBuildFile; fileRef = DA1EC6C61DA1955C006DC7AC /* Main.storyboard */; };
		DA1EC6CA1DA1955C006DC7AC /* Assets.xcassets in Resources */ = {isa = PBXBuildFile; fileRef = DA1EC6C91DA1955C006DC7AC /* Assets.xcassets */; };
		DA1EC6CD1DA1955C006DC7AC /* LaunchScreen.storyboard in Resources */ = {isa = PBXBuildFile; fileRef = DA1EC6CB1DA1955C006DC7AC /* LaunchScreen.storyboard */; };
/* End PBXBuildFile section */

/* Begin PBXFileReference section */
		DA1EC6BF1DA1955C006DC7AC /* hangman.app */ = {isa = PBXFileReference; explicitFileType = wrapper.application; includeInIndex = 0; path = hangman.app; sourceTree = BUILT_PRODUCTS_DIR; };
		DA1EC6C21DA1955C006DC7AC /* AppDelegate.swift */ = {isa = PBXFileReference; lastKnownFileType = sourcecode.swift; path = AppDelegate.swift; sourceTree = "<group>"; };
		DA1EC6C41DA1955C006DC7AC /* ViewController.swift */ = {isa = PBXFileReference; lastKnownFileType = sourcecode.swift; path = ViewController.swift; sourceTree = "<group>"; };
		DA1EC6C71DA1955C006DC7AC /* Base */ = {isa = PBXFileReference; lastKnownFileType = file.storyboard; name = Base; path = Base.lproj/Main.storyboard; sourceTree = "<group>"; };
		DA1EC6C91DA1955C006DC7AC /* Assets.xcassets */ = {isa = PBXFileReference; lastKnownFileType = folder.assetcatalog; path = Assets.xcassets; sourceTree = "<group>"; };
		DA1EC6CC1DA1955C006DC7AC /* Base */ = {isa = PBXFileReference; lastKnownFileType = file.storyboard; name = Base; path = Base.lproj/LaunchScreen.storyboard; sourceTree = "<group>"; };
		DA1EC6CE1DA1955C006DC7AC /* Info.plist */ = {isa = PBXFileReference; lastKnownFileType = text.plist.xml; path = Info.plist; sourceTree = "<group>"; };
		DA1EC6D41DA19997006DC7AC /* hang.playground */ = {isa = PBXFileReference; lastKnownFileType = file.playground; path = hang.playground; sourceTree = "<group>"; };
/* End PBXFileReference section */

/* Begin PBXFrameworksBuildPhase section */
		DA1EC6BC1DA1955C006DC7AC /* Frameworks */ = {
			isa = PBXFrameworksBuildPhase;
			buildActionMask = 2147483647;
			files = (
			);
			runOnlyForDeploymentPostprocessing = 0;
		};
/* End PBXFrameworksBuildPhase section */

/* Begin PBXGroup section */
		DA1EC6B61DA1955C006DC7AC = {
			isa = PBXGroup;
			children = (
				DA1EC6D41DA19997006DC7AC /* hang.playground */,
				DA1EC6C11DA1955C006DC7AC /* hangman */,
				DA1EC6C01DA1955C006DC7AC /* Products */,
			);
			sourceTree = "<group>";
		};
		DA1EC6C01DA1955C006DC7AC /* Products */ = {
			isa = PBXGroup;
			children = (
				DA1EC6BF1DA1955C006DC7AC /* hangman.app */,
			);
			name = Products;
			sourceTree = "<group>";
		};
		DA1EC6C11DA1955C006DC7AC /* hangman */ = {
			isa = PBXGroup;
			children = (
				DA1EC6C21DA1955C006DC7AC /* AppDelegate.swift */,
				DA1EC6C41DA1955C006DC7AC /* ViewController.swift */,
				DA1EC6C61DA1955C006DC7AC /* Main.storyboard */,
				DA1EC6C91DA1955C006DC7AC /* Assets.xcassets */,
				DA1EC6CB1DA1955C006DC7AC /* LaunchScreen.storyboard */,
				DA1EC6CE1DA1955C006DC7AC /* Info.plist */,
			);
			path = hangman;
			sourceTree = "<group>";
		};
/* End PBXGroup section */

/* Begin PBXNativeTarget section */
		DA1EC6BE1DA1955C006DC7AC /* hangman */ = {
			isa = PBXNativeTarget;
			buildConfigurationList = DA1EC6D11DA1955C006DC7AC /* Build configuration list for PBXNativeTarget "hangman" */;
			buildPhases = (
				DA1EC6BB1DA1955C006DC7AC /* Sources */,
				DA1EC6BC1DA1955C006DC7AC /* Frameworks */,
				DA1EC6BD1DA1955C006DC7AC /* Resources */,
			);
			buildRules = (
			);
			dependencies = (
			);
			name = hangman;
			productName = hangman;
			productReference = DA1EC6BF1DA1955C006DC7AC /* hangman.app */;
			productType = "com.apple.product-type.application";
		};
/* End PBXNativeTarget section */

/* Begin PBXProject section */
		DA1EC6B71DA1955C006DC7AC /* Project object */ = {
			isa = PBXProject;
			attributes = {
				LastSwiftUpdateCheck = 0800;
				LastUpgradeCheck = 0800;
				ORGANIZATIONNAME = "Mark Miranda";
				TargetAttributes = {
					DA1EC6BE1DA1955C006DC7AC = {
						CreatedOnToolsVersion = 8.0;
						ProvisioningStyle = Automatic;
					};
				};
			};
			buildConfigurationList = DA1EC6BA1DA1955C006DC7AC /* Build configuration list for PBXProject "hangman" */;
			compatibilityVersion = "Xcode 3.2";
			developmentRegion = English;
			hasScannedForEncodings = 0;
			knownRegions = (
				en,
				Base,
			);
			mainGroup = DA1EC6B61DA1955C006DC7AC;
			productRefGroup = DA1EC6C01DA1955C006DC7AC /* Products */;
			projectDirPath = "";
			projectRoot = "";
			targets = (
				DA1EC6BE1DA1955C006DC7AC /* hangman */,
			);
		};
/* End PBXProject section */

/* Begin PBXResourcesBuildPhase section */
		DA1EC6BD1DA1955C006DC7AC /* Resources */ = {
			isa = PBXResourcesBuildPhase;
			buildActionMask = 2147483647;
			files = (
				DA1EC6CD1DA1955C006DC7AC /* LaunchScreen.storyboard in Resources */,
				DA1EC6CA1DA1955C006DC7AC /* Assets.xcassets in Resources */,
				DA1EC6C81DA1955C006DC7AC /* Main.storyboard in Resources */,
			);
			runOnlyForDeploymentPostprocessing = 0;
		};
/* End PBXResourcesBuildPhase section */

/* Begin PBXSourcesBuildPhase section */
		DA1EC6BB1DA1955C006DC7AC /* Sources */ = {
			isa = PBXSourcesBuildPhase;
			buildActionMask = 2147483647;
			files = (
				DA1EC6C51DA1955C006DC7AC /* ViewController.swift in Sources */,
				DA1EC6C31DA1955C006DC7AC /* AppDelegate.swift in Sources */,
			);
			runOnlyForDeploymentPostprocessing = 0;
		};
/* End PBXSourcesBuildPhase section */

/* Begin PBXVariantGroup section */
		DA1EC6C61DA1955C006DC7AC /* Main.storyboard */ = {
			isa = PBXVariantGroup;
			children = (
				DA1EC6C71DA1955C006DC7AC /* Base */,
			);
			name = Main.storyboard;
			sourceTree = "<group>";
		};
		DA1EC6CB1DA1955C006DC7AC /* LaunchScreen.storyboard */ = {
			isa = PBXVariantGroup;
			children = (
				DA1EC6CC1DA1955C006DC7AC /* Base */,
			);
			name = LaunchScreen.storyboard;
			sourceTree = "<group>";
		};
/* End PBXVariantGroup section */

/* Begin XCBuildConfiguration section */
		DA1EC6CF1DA1955C006DC7AC /* Debug */ = {
			isa = XCBuildConfiguration;
			buildSettings = {
				ALWAYS_SEARCH_USER_PATHS = NO;
				CLANG_ANALYZER_NONNULL = YES;
				CLANG_CXX_LANGUAGE_STANDARD = "gnu++0x";
				CLANG_CXX_LIBRARY = "libc++";
				CLANG_ENABLE_MODULES = YES;
				CLANG_ENABLE_OBJC_ARC = YES;
				CLANG_WARN_BOOL_CONVERSION = YES;
				CLANG_WARN_CONSTANT_CONVERSION = YES;
				CLANG_WARN_DIRECT_OBJC_ISA_USAGE = YES_ERROR;
				CLANG_WARN_DOCUMENTATION_COMMENTS = YES;
				CLANG_WARN_EMPTY_BODY = YES;
				CLANG_WARN_ENUM_CONVERSION = YES;
				CLANG_WARN_INFINITE_RECURSION = YES;
				CLANG_WARN_INT_CONVERSION = YES;
				CLANG_WARN_OBJC_ROOT_CLASS = YES_ERROR;
				CLANG_WARN_SUSPICIOUS_MOVES = YES;
				CLANG_WARN_UNREACHABLE_CODE = YES;
				CLANG_WARN__DUPLICATE_METHOD_MATCH = YES;
				"CODE_SIGN_IDENTITY[sdk=iphoneos*]" = "iPhone Developer";
				COPY_PHASE_STRIP = NO;
				DEBUG_INFORMATION_FORMAT = dwarf;
				ENABLE_STRICT_OBJC_MSGSEND = YES;
				ENABLE_TESTABILITY = YES;
				GCC_C_LANGUAGE_STANDARD = gnu99;
				GCC_DYNAMIC_NO_PIC = NO;
				GCC_NO_COMMON_BLOCKS = YES;
				GCC_OPTIMIZATION_LEVEL = 0;
				GCC_PREPROCESSOR_DEFINITIONS = (
					"DEBUG=1",
					"$(inherited)",
				);
				GCC_WARN_64_TO_32_BIT_CONVERSION = YES;
				GCC_WARN_ABOUT_RETURN_TYPE = YES_ERROR;
				GCC_WARN_UNDECLARED_SELECTOR = YES;
				GCC_WARN_UNINITIALIZED_AUTOS = YES_AGGRESSIVE;
				GCC_WARN_UNUSED_FUNCTION = YES;
				GCC_WARN_UNUSED_VARIABLE = YES;
				IPHONEOS_DEPLOYMENT_TARGET = 10.0;
				MTL_ENABLE_DEBUG_INFO = YES;
				ONLY_ACTIVE_ARCH = YES;
				SDKROOT = iphoneos;
				SWIFT_ACTIVE_COMPILATION_CONDITIONS = DEBUG;
				SWIFT_OPTIMIZATION_LEVEL = "-Onone";
			};
			name = Debug;
		};
		DA1EC6D01DA1955C006DC7AC /* Release */ = {
			isa = XCBuildConfiguration;
			buildSettings = {
				ALWAYS_SEARCH_USER_PATHS = NO;
				CLANG_ANALYZER_NONNULL = YES;
				CLANG_CXX_LANGUAGE_STANDARD = "gnu++0x";
				CLANG_CXX_LIBRARY = "libc++";
				CLANG_ENABLE_MODULES = YES;
				CLANG_ENABLE_OBJC_ARC = YES;
				CLANG_WARN_BOOL_CONVERSION = YES;
				CLANG_WARN_CONSTANT_CONVERSION = YES;
				CLANG_WARN_DIRECT_OBJC_ISA_USAGE = YES_ERROR;
				CLANG_WARN_DOCUMENTATION_COMMENTS = YES;
				CLANG_WARN_EMPTY_BODY = YES;
				CLANG_WARN_ENUM_CONVERSION = YES;
				CLANG_WARN_INFINITE_RECURSION = YES;
				CLANG_WARN_INT_CONVERSION = YES;
				CLANG_WARN_OBJC_ROOT_CLASS = YES_ERROR;
				CLANG_WARN_SUSPICIOUS_MOVES = YES;
				CLANG_WARN_UNREACHABLE_CODE = YES;
				CLANG_WARN__DUPLICATE_METHOD_MATCH = YES;
				"CODE_SIGN_IDENTITY[sdk=iphoneos*]" = "iPhone Developer";
				COPY_PHASE_STRIP = NO;
				DEBUG_INFORMATION_FORMAT = "dwarf-with-dsym";
				ENABLE_NS_ASSERTIONS = NO;
				ENABLE_STRICT_OBJC_MSGSEND = YES;
				GCC_C_LANGUAGE_STANDARD = gnu99;
				GCC_NO_COMMON_BLOCKS = YES;
				GCC_WARN_64_TO_32_BIT_CONVERSION = YES;
				GCC_WARN_ABOUT_RETURN_TYPE = YES_ERROR;
				GCC_WARN_UNDECLARED_SELECTOR = YES;
				GCC_WARN_UNINITIALIZED_AUTOS = YES_AGGRESSIVE;
				GCC_WARN_UNUSED_FUNCTION = YES;
				GCC_WARN_UNUSED_VARIABLE = YES;
				IPHONEOS_DEPLOYMENT_TARGET = 10.0;
				MTL_ENABLE_DEBUG_INFO = NO;
				SDKROOT = iphoneos;
				SWIFT_OPTIMIZATION_LEVEL = "-Owholemodule";
				VALIDATE_PRODUCT = YES;
			};
			name = Release;
		};
		DA1EC6D21DA1955C006DC7AC /* Debug */ = {
			isa = XCBuildConfiguration;
			buildSettings = {
				ASSETCATALOG_COMPILER_APPICON_NAME = AppIcon;
				INFOPLIST_FILE = hangman/Info.plist;
				LD_RUNPATH_SEARCH_PATHS = "$(inherited) @executable_path/Frameworks";
				PRODUCT_BUNDLE_IDENTIFIER = ninja.markmiranda.hangman;
				PRODUCT_NAME = "$(TARGET_NAME)";
				SWIFT_VERSION = 3.0;
			};
			name = Debug;
		};
		DA1EC6D31DA1955C006DC7AC /* Release */ = {
			isa = XCBuildConfiguration;
			buildSettings = {
				ASSETCATALOG_COMPILER_APPICON_NAME = AppIcon;
				INFOPLIST_FILE = hangman/Info.plist;
				LD_RUNPATH_SEARCH_PATHS = "$(inherited) @executable_path/Frameworks";
				PRODUCT_BUNDLE_IDENTIFIER = ninja.markmiranda.hangman;
				PRODUCT_NAME = "$(TARGET_NAME)";
				SWIFT_VERSION = 3.0;
			};
			name = Release;
		};
/* End XCBuildConfiguration section */

/* Begin XCConfigurationList section */
		DA1EC6BA1DA1955C006DC7AC /* Build configuration list for PBXProject "hangman" */ = {
			isa = XCConfigurationList;
			buildConfigurations = (
				DA1EC6CF1DA1955C006DC7AC /* Debug */,
				DA1EC6D01DA1955C006DC7AC /* Release */,
			);
			defaultConfigurationIsVisible = 0;
			defaultConfigurationName = Release;
		};
		DA1EC6D11DA1955C006DC7AC /* Build configuration list for PBXNativeTarget "hangman" */ = {
			isa = XCConfigurationList;
			buildConfigurations = (
				DA1EC6D21DA1955C006DC7AC /* Debug */,
				DA1EC6D31DA1955C006DC7AC /* Release */,
			);
			defaultConfigurationIsVisible = 0;
		};
/* End XCConfigurationList section */
	};
	rootObject = DA1EC6B71DA1955C006DC7AC /* Project object */;
}
